
Microsoft Visual Studio Solution File, Format Version 12.00
# Visual Studio Version 17
VisualStudioVersion = 17.10.35122.118
MinimumVisualStudioVersion = 10.0.40219.1
Project("{9A19103F-16F7-4668-BE54-9A1E7A4F7556}") = "AdminMVC", "AdminMVC\AdminMVC.csproj", "{26659323-6CE2-4B99-99F1-F324FE501628}"
EndProject
Project("{9A19103F-16F7-4668-BE54-9A1E7A4F7556}") = "WebAPI", "WebAPI\WebAPI.csproj", "{635C1963-5C73-4C94-8E5A-B3DA414D0B6E}"
EndProject
Project("{FAE04EC0-301F-11D3-BF4B-00C04F79EFBC}") = "Models", "Models\Models.csproj", "{CCF344CD-549E-49C7-A7E0-EC7726352797}"
EndProject
Global
	GlobalSection(SolutionConfigurationPlatforms) = preSolution
		Debug|Any CPU = Debug|Any CPU
		Release|Any CPU = Release|Any CPU
	EndGlobalSection
	GlobalSection(ProjectConfigurationPlatforms) = postSolution
		{26659323-6CE2-4B99-99F1-F324FE501628}.Debug|Any CPU.ActiveCfg = Debug|Any CPU
		{26659323-6CE2-4B99-99F1-F324FE501628}.Debug|Any CPU.Build.0 = Debug|Any CPU
		{26659323-6CE2-4B99-99F1-F324FE501628}.Release|Any CPU.ActiveCfg = Release|Any CPU
		{26659323-6CE2-4B99-99F1-F324FE501628}.Release|Any CPU.Build.0 = Release|Any CPU
		{635C1963-5C73-4C94-8E5A-B3DA414D0B6E}.Debug|Any CPU.ActiveCfg = Debug|Any CPU
		{635C1963-5C73-4C94-8E5A-B3DA414D0B6E}.Debug|Any CPU.Build.0 = Debug|Any CPU
		{635C1963-5C73-4C94-8E5A-B3DA414D0B6E}.Release|Any CPU.ActiveCfg = Release|Any CPU
		{635C1963-5C73-4C94-8E5A-B3DA414D0B6E}.Release|Any CPU.Build.0 = Release|Any CPU
		{CCF344CD-549E-49C7-A7E0-EC7726352797}.Debug|Any CPU.ActiveCfg = Debug|Any CPU
		{CCF344CD-549E-49C7-A7E0-EC7726352797}.Debug|Any CPU.Build.0 = Debug|Any CPU
		{CCF344CD-549E-49C7-A7E0-EC7726352797}.Release|Any CPU.ActiveCfg = Release|Any CPU
		{CCF344CD-549E-49C7-A7E0-EC7726352797}.Release|Any CPU.Build.0 = Release|Any CPU
	EndGlobalSection
	GlobalSection(SolutionProperties) = preSolution
		HideSolutionNode = FALSE
	EndGlobalSection
	GlobalSection(ExtensibilityGlobals) = postSolution
		SolutionGuid = {7A73F38E-D9ED-4859-86DF-8CABC3F1925D}
	EndGlobalSection
EndGlobal
